PODS:
  - Alamofire (4.9.0)
  - AlamofireImage (3.5.2):
    - Alamofire (~> 4.8)
  - ReachabilitySwift (4.3.0)
  - SVProgressHUD (2.2.5)
  - SwiftyJSON (4.2.0)
  - Toast-Swift (4.0.1)

DEPENDENCIES:
  - Alamofire (~> 4.5)
  - AlamofireImage (~> 3.5)
  - ReachabilitySwift (= 4.3.0)
  - SVProgressHUD
  - SwiftyJSON (= 4.2.0)
  - Toast-Swift (~> 4.0.0)

SPEC REPOS:
  trunk:
    - Alamofire
    - AlamofireImage
    - ReachabilitySwift
    - SVProgressHUD
    - SwiftyJSON
    - Toast-Swift

SPEC CHECKSUMS:
  Alamofire: afc3e7c6db61476cb45cdd23fed06bad03bbc321
  AlamofireImage: 63cfe3baf1370be6c498149687cf6db3e3b00999
  ReachabilitySwift: 408477d1b6ed9779dba301953171e017c31241f3
  SVProgressHUD: 1428aafac632c1f86f62aa4243ec12008d7a51d6
  SwiftyJSON: c4bcba26dd9ec7a027fc8eade48e2c911f229e96
  Toast-Swift: e42a638589a2f95036b4bb7626cfbdde7daf0393

PODFILE CHECKSUM: 1b28f848dd5c241db2f1d4e2d093dc8f74bfcff7

COCOAPODS: 1.8.3
